
Microsoft Visual Studio Solution File, Format Version 12.00
# Visual Studio Version 17
VisualStudioVersion = 17.11.35327.3
MinimumVisualStudioVersion = 10.0.40219.1
Project("{FAE04EC0-301F-11D3-BF4B-00C04F79EFBC}") = "HexStringToStringConsoleApp", "HexStringToStringConsoleApp\HexStringToStringConsoleApp.csproj", "{A6E3D03E-A1AE-4363-A0B4-BAED7FD1CF9C}"
EndProject
Global
	GlobalSection(SolutionConfigurationPlatforms) = preSolution
		Debug|Any CPU = Debug|Any CPU
		Release|Any CPU = Release|Any CPU
	EndGlobalSection
	GlobalSection(ProjectConfigurationPlatforms) = postSolution
		{A6E3D03E-A1AE-4363-A0B4-BAED7FD1CF9C}.Debug|Any CPU.ActiveCfg = Debug|Any CPU
		{A6E3D03E-A1AE-4363-A0B4-BAED7FD1CF9C}.Debug|Any CPU.Build.0 = Debug|Any CPU
		{A6E3D03E-A1AE-4363-A0B4-BAED7FD1CF9C}.Release|Any CPU.ActiveCfg = Release|Any CPU
		{A6E3D03E-A1AE-4363-A0B4-BAED7FD1CF9C}.Release|Any CPU.Build.0 = Release|Any CPU
	EndGlobalSection
	GlobalSection(SolutionProperties) = preSolution
		HideSolutionNode = FALSE
	EndGlobalSection
	GlobalSection(ExtensibilityGlobals) = postSolution
		SolutionGuid = {72A8A21C-9C5A-44CC-886C-DF1AAFF216E9}
	EndGlobalSection
EndGlobal
